
Microsoft Visual Studio Solution File, Format Version 12.00
# Visual Studio 15
VisualStudioVersion = 15.0.28307.960
MinimumVisualStudioVersion = 10.0.40219.1
Project("{FAE04EC0-301F-11D3-BF4B-00C04F79EFBC}") = "recaptcha", "recaptcha\recaptcha.csproj", "{FEC93921-9881-49F1-A5DE-C29CCD14853C}"
EndProject
Global
	GlobalSection(SolutionConfigurationPlatforms) = preSolution
		Debug|Any CPU = Debug|Any CPU
		Release|Any CPU = Release|Any CPU
	EndGlobalSection
	GlobalSection(ProjectConfigurationPlatforms) = postSolution
		{FEC93921-9881-49F1-A5DE-C29CCD14853C}.Debug|Any CPU.ActiveCfg = Debug|Any CPU
		{FEC93921-9881-49F1-A5DE-C29CCD14853C}.Debug|Any CPU.Build.0 = Debug|Any CPU
		{FEC93921-9881-49F1-A5DE-C29CCD14853C}.Release|Any CPU.ActiveCfg = Release|Any CPU
		{FEC93921-9881-49F1-A5DE-C29CCD14853C}.Release|Any CPU.Build.0 = Release|Any CPU
	EndGlobalSection
	GlobalSection(SolutionProperties) = preSolution
		HideSolutionNode = FALSE
	EndGlobalSection
	GlobalSection(ExtensibilityGlobals) = postSolution
		SolutionGuid = {075C2E48-C874-4001-A5D6-ABC1BF32A76F}
	EndGlobalSection
EndGlobal
